
Microsoft Visual Studio Solution File, Format Version 12.00
# Visual Studio Version 16
VisualStudioVersion = 16.0.31624.102
MinimumVisualStudioVersion = 10.0.40219.1
Project("{FAE04EC0-301F-11D3-BF4B-00C04F79EFBC}") = "TcNoSorgulama", "TcNoSorgulama\TcNoSorgulama.csproj", "{FF4946DB-05FB-487E-B1D2-ABB7E28A3241}"
EndProject
Global
	GlobalSection(SolutionConfigurationPlatforms) = preSolution
		Debug|Any CPU = Debug|Any CPU
		Release|Any CPU = Release|Any CPU
	EndGlobalSection
	GlobalSection(ProjectConfigurationPlatforms) = postSolution
		{FF4946DB-05FB-487E-B1D2-ABB7E28A3241}.Debug|Any CPU.ActiveCfg = Debug|Any CPU
		{FF4946DB-05FB-487E-B1D2-ABB7E28A3241}.Debug|Any CPU.Build.0 = Debug|Any CPU
		{FF4946DB-05FB-487E-B1D2-ABB7E28A3241}.Release|Any CPU.ActiveCfg = Release|Any CPU
		{FF4946DB-05FB-487E-B1D2-ABB7E28A3241}.Release|Any CPU.Build.0 = Release|Any CPU
	EndGlobalSection
	GlobalSection(SolutionProperties) = preSolution
		HideSolutionNode = FALSE
	EndGlobalSection
	GlobalSection(ExtensibilityGlobals) = postSolution
		SolutionGuid = {705A88B6-6AA1-42F6-8EFF-0B80FB9061A7}
	EndGlobalSection
EndGlobal
